
Microsoft Visual Studio Solution File, Format Version 12.00
# Visual Studio Version 16
VisualStudioVersion = 16.0.30503.244
MinimumVisualStudioVersion = 10.0.40219.1
Project("{9A19103F-16F7-4668-BE54-9A1E7A4F7556}") = "odetofood", "odetofood\odetofood.csproj", "{75AF8639-9648-4C0D-AE67-BC9C0DF9FBAC}"
EndProject
Project("{9A19103F-16F7-4668-BE54-9A1E7A4F7556}") = "OdeToFood.Core", "OdeToFood.Core\OdeToFood.Core.csproj", "{167DF63E-17BC-4E25-8629-66F3958D496B}"
EndProject
Project("{9A19103F-16F7-4668-BE54-9A1E7A4F7556}") = "OdeToFood.Data", "OdeToFood.Data\OdeToFood.Data.csproj", "{CEFAABD3-E612-476D-B85A-FC00E1853386}"
EndProject
Global
	GlobalSection(SolutionConfigurationPlatforms) = preSolution
		Debug|Any CPU = Debug|Any CPU
		Release|Any CPU = Release|Any CPU
	EndGlobalSection
	GlobalSection(ProjectConfigurationPlatforms) = postSolution
		{75AF8639-9648-4C0D-AE67-BC9C0DF9FBAC}.Debug|Any CPU.ActiveCfg = Debug|Any CPU
		{75AF8639-9648-4C0D-AE67-BC9C0DF9FBAC}.Debug|Any CPU.Build.0 = Debug|Any CPU
		{75AF8639-9648-4C0D-AE67-BC9C0DF9FBAC}.Release|Any CPU.ActiveCfg = Release|Any CPU
		{75AF8639-9648-4C0D-AE67-BC9C0DF9FBAC}.Release|Any CPU.Build.0 = Release|Any CPU
		{167DF63E-17BC-4E25-8629-66F3958D496B}.Debug|Any CPU.ActiveCfg = Debug|Any CPU
		{167DF63E-17BC-4E25-8629-66F3958D496B}.Debug|Any CPU.Build.0 = Debug|Any CPU
		{167DF63E-17BC-4E25-8629-66F3958D496B}.Release|Any CPU.ActiveCfg = Release|Any CPU
		{167DF63E-17BC-4E25-8629-66F3958D496B}.Release|Any CPU.Build.0 = Release|Any CPU
		{CEFAABD3-E612-476D-B85A-FC00E1853386}.Debug|Any CPU.ActiveCfg = Debug|Any CPU
		{CEFAABD3-E612-476D-B85A-FC00E1853386}.Debug|Any CPU.Build.0 = Debug|Any CPU
		{CEFAABD3-E612-476D-B85A-FC00E1853386}.Release|Any CPU.ActiveCfg = Release|Any CPU
		{CEFAABD3-E612-476D-B85A-FC00E1853386}.Release|Any CPU.Build.0 = Release|Any CPU
	EndGlobalSection
	GlobalSection(SolutionProperties) = preSolution
		HideSolutionNode = FALSE
	EndGlobalSection
	GlobalSection(ExtensibilityGlobals) = postSolution
		SolutionGuid = {601049C5-8BBE-4381-B3EC-25FB77C131D1}
	EndGlobalSection
EndGlobal
